
Microsoft Visual Studio Solution File, Format Version 12.00
# Visual Studio Version 17
VisualStudioVersion = 17.10.35122.118
MinimumVisualStudioVersion = 10.0.40219.1
Project("{F184B08F-C81C-45F6-A57F-5ABD9991F28F}") = "unit 25", "unit 25\unit 25.vbproj", "{9619FC4C-A8F7-4F4D-B95F-FEF1EEAE6D82}"
EndProject
Global
	GlobalSection(SolutionConfigurationPlatforms) = preSolution
		Debug|Any CPU = Debug|Any CPU
		Release|Any CPU = Release|Any CPU
	EndGlobalSection
	GlobalSection(ProjectConfigurationPlatforms) = postSolution
		{9619FC4C-A8F7-4F4D-B95F-FEF1EEAE6D82}.Debug|Any CPU.ActiveCfg = Debug|Any CPU
		{9619FC4C-A8F7-4F4D-B95F-FEF1EEAE6D82}.Debug|Any CPU.Build.0 = Debug|Any CPU
		{9619FC4C-A8F7-4F4D-B95F-FEF1EEAE6D82}.Release|Any CPU.ActiveCfg = Release|Any CPU
		{9619FC4C-A8F7-4F4D-B95F-FEF1EEAE6D82}.Release|Any CPU.Build.0 = Release|Any CPU
	EndGlobalSection
	GlobalSection(SolutionProperties) = preSolution
		HideSolutionNode = FALSE
	EndGlobalSection
	GlobalSection(ExtensibilityGlobals) = postSolution
		SolutionGuid = {7C825B1E-E84E-455B-89C5-4C423209FB66}
	EndGlobalSection
EndGlobal
